<?xml version="1.0" encoding="UTF-8"?>
<Scheme
   LastUpgradeVersion = "0610"
   version = "1.7">
   <BuildAction
      parallelizeBuildables = "YES"
      buildImplicitDependencies = "YES">
      <PostActions>
         <ExecutionAction
            ActionType = "Xcode.IDEStandardExecutionActionsCore.ExecutionActionType.ShellScriptAction">
            <ActionContent
               title = "Run Script"
               scriptText = "">
               <EnvironmentBuildable>
                  <BuildableReference
                     BuildableIdentifier = "primary"
                     BlueprintIdentifier = "8DD76F960486AA7600D96B5E"
                     BuildableName = "mogenerator"
                     BlueprintName = "mogenerator"
                     ReferencedContainer = "container:mogenerator.xcodeproj">
                  </BuildableReference>
               </EnvironmentBuildable>
            </ActionContent>
         </ExecutionAction>
      </PostActions>
      <BuildActionEntries>
         <BuildActionEntry
            buildForTesting = "YES"
            buildForRunning = "YES"
            buildForProfiling = "YES"
            buildForArchiving = "YES"
            buildForAnalyzing = "YES">
            <BuildableReference
               BuildableIdentifier = "primary"
               BlueprintIdentifier = "8DD76F960486AA7600D96B5E"
               BuildableName = "mogenerator"
               BlueprintName = "mogenerator"
               ReferencedContainer = "container:mogenerator.xcodeproj">
            </BuildableReference>
         </BuildActionEntry>
      </BuildActionEntries>
   </BuildAction>
   <TestAction
      selectedDebuggerIdentifier = "Xcode.DebuggerFoundation.Debugger.LLDB"
      selectedLauncherIdentifier = "Xcode.DebuggerFoundation.Launcher.LLDB"
      shouldUseLaunchSchemeArgsEnv = "YES"
      buildConfiguration = "Debug">
      <Testables>
      </Testables>
      <MacroExpansion>
         <BuildableReference
            BuildableIdentifier = "primary"
            BlueprintIdentifier = "8DD76F960486AA7600D96B5E"
            BuildableName = "mogenerator"
            BlueprintName = "mogenerator"
            ReferencedContainer = "container:mogenerator.xcodeproj">
         </BuildableReference>
      </MacroExpansion>
   </TestAction>
   <LaunchAction
      selectedDebuggerIdentifier = "Xcode.DebuggerFoundation.Debugger.LLDB"
      selectedLauncherIdentifier = "Xcode.DebuggerFoundation.Launcher.LLDB"
      launchStyle = "0"
      useCustomWorkingDirectory = "YES"
      customWorkingDirectory = "/Users/mattbaranowski/Code/mogenerator/MattGeneratorExample/MattGeneratorExample"
      buildConfiguration = "Debug"
      ignoresPersistentStateOnLaunch = "NO"
      debugDocumentVersioning = "YES"
      allowLocationSimulation = "YES">
      <BuildableProductRunnable
         runnableDebuggingMode = "0">
         <BuildableReference
            BuildableIdentifier = "primary"
            BlueprintIdentifier = "8DD76F960486AA7600D96B5E"
            BuildableName = "mogenerator"
            BlueprintName = "mogenerator"
            ReferencedContainer = "container:mogenerator.xcodeproj">
         </BuildableReference>
      </BuildableProductRunnable>
      <CommandLineArguments>
         <CommandLineArgument
            argument = "-m RedHenBaby.xcdatamodeld/RedHenBaby.xcdatamodel -M Generated/ -H DataModel/  --template-var arc=true"
            isEnabled = "NO">
         </CommandLineArgument>
         <CommandLineArgument
            argument = "-m MattGeneratorExample.xcdatamodeld/MattGeneratorExample.xcdatamodel -M Generated/ -H DataModel/  --template-var arc=true"
            isEnabled = "YES">
         </CommandLineArgument>
         <CommandLineArgument
            argument = " -m CardnoTEC.xcdatamodeld/CardnoTEC.xcdatamodel -M Generated/ -H DataModel/  --template-var arc=true"
            isEnabled = "NO">
         </CommandLineArgument>
      </CommandLineArguments>
      <AdditionalOptions>
      </AdditionalOptions>
   </LaunchAction>
   <ProfileAction
      shouldUseLaunchSchemeArgsEnv = "YES"
      savedToolIdentifier = ""
      useCustomWorkingDirectory = "NO"
      buildConfiguration = "Release"
      debugDocumentVersioning = "YES">
      <BuildableProductRunnable
         runnableDebuggingMode = "0">
         <BuildableReference
            BuildableIdentifier = "primary"
            BlueprintIdentifier = "8DD76F960486AA7600D96B5E"
            BuildableName = "mogenerator"
            BlueprintName = "mogenerator"
            ReferencedContainer = "container:mogenerator.xcodeproj">
         </BuildableReference>
      </BuildableProductRunnable>
   </ProfileAction>
   <AnalyzeAction
      buildConfiguration = "Debug">
   </AnalyzeAction>
   <ArchiveAction
      buildConfiguration = "Release"
      revealArchiveInOrganizer = "YES">
   </ArchiveAction>
</Scheme>
